
Microsoft Visual Studio Solution File, Format Version 12.00
Project("{FAE04EC0-301F-11D3-BF4B-00C04F79EFBC}") = "SmsSenderClient", "SmsSenderClient\SmsSenderClient.csproj", "{C6BDCA1E-8C01-4EA0-911B-468DB8905B73}"
EndProject
Project("{FAE04EC0-301F-11D3-BF4B-00C04F79EFBC}") = "SmsSenderClient.Database", "SmsSenderClient.Database\SmsSenderClient.Database.csproj", "{1042470F-736A-4272-88AE-C0180E930112}"
EndProject
Global
	GlobalSection(SolutionConfigurationPlatforms) = preSolution
		Debug|Any CPU = Debug|Any CPU
		Release|Any CPU = Release|Any CPU
	EndGlobalSection
	GlobalSection(ProjectConfigurationPlatforms) = postSolution
		{C6BDCA1E-8C01-4EA0-911B-468DB8905B73}.Debug|Any CPU.ActiveCfg = Debug|Any CPU
		{C6BDCA1E-8C01-4EA0-911B-468DB8905B73}.Debug|Any CPU.Build.0 = Debug|Any CPU
		{C6BDCA1E-8C01-4EA0-911B-468DB8905B73}.Release|Any CPU.ActiveCfg = Release|Any CPU
		{C6BDCA1E-8C01-4EA0-911B-468DB8905B73}.Release|Any CPU.Build.0 = Release|Any CPU
		{1042470F-736A-4272-88AE-C0180E930112}.Debug|Any CPU.ActiveCfg = Debug|Any CPU
		{1042470F-736A-4272-88AE-C0180E930112}.Debug|Any CPU.Build.0 = Debug|Any CPU
		{1042470F-736A-4272-88AE-C0180E930112}.Release|Any CPU.ActiveCfg = Release|Any CPU
		{1042470F-736A-4272-88AE-C0180E930112}.Release|Any CPU.Build.0 = Release|Any CPU
	EndGlobalSection
EndGlobal
